
Microsoft Visual Studio Solution File, Format Version 12.00
# Visual Studio Version 17
VisualStudioVersion = 17.0.31903.59
MinimumVisualStudioVersion = 10.0.40219.1
Project("{FAE04EC0-301F-11D3-BF4B-00C04F79EFBC}") = "ChatApi", "ChatApi\ChatApi.csproj", "{7954EFC0-D2D0-4D91-9878-6C0802BB1F64}"
EndProject
Project("{FAE04EC0-301F-11D3-BF4B-00C04F79EFBC}") = "DemoCli", "DemoCli\DemoCli.csproj", "{C637CCD5-2205-40ED-8B54-A0D432A8B676}"
EndProject
Global
	GlobalSection(SolutionConfigurationPlatforms) = preSolution
		Debug|Any CPU = Debug|Any CPU
		Release|Any CPU = Release|Any CPU
	EndGlobalSection
	GlobalSection(SolutionProperties) = preSolution
		HideSolutionNode = FALSE
	EndGlobalSection
	GlobalSection(ProjectConfigurationPlatforms) = postSolution
		{7954EFC0-D2D0-4D91-9878-6C0802BB1F64}.Debug|Any CPU.ActiveCfg = Debug|Any CPU
		{7954EFC0-D2D0-4D91-9878-6C0802BB1F64}.Debug|Any CPU.Build.0 = Debug|Any CPU
		{7954EFC0-D2D0-4D91-9878-6C0802BB1F64}.Release|Any CPU.ActiveCfg = Release|Any CPU
		{7954EFC0-D2D0-4D91-9878-6C0802BB1F64}.Release|Any CPU.Build.0 = Release|Any CPU
		{C637CCD5-2205-40ED-8B54-A0D432A8B676}.Debug|Any CPU.ActiveCfg = Debug|Any CPU
		{C637CCD5-2205-40ED-8B54-A0D432A8B676}.Debug|Any CPU.Build.0 = Debug|Any CPU
		{C637CCD5-2205-40ED-8B54-A0D432A8B676}.Release|Any CPU.ActiveCfg = Release|Any CPU
		{C637CCD5-2205-40ED-8B54-A0D432A8B676}.Release|Any CPU.Build.0 = Release|Any CPU
	EndGlobalSection
EndGlobal
